Microsoft Visual Studio Solution File, Format Version 11.00
# Visual Studio 2008

Project("{91A9C9B0-9CF9-8124-5939-52E15BC46CDB}") = "DareToSlip3DGame", "Assembly-CSharp.csproj", "{BA489061-4292-3B34-C93B-1CF43C500F6D}"
EndProject
Global
	GlobalSection(SolutionConfigurationPlatforms) = preSolution
		Debug|Any CPU = Debug|Any CPU
		Release|Any CPU = Release|Any CPU
	EndGlobalSection
	GlobalSection(ProjectConfigurationPlatforms) = postSolution
		{BA489061-4292-3B34-C93B-1CF43C500F6D}.Debug|Any CPU.ActiveCfg = Debug|Any CPU
		{BA489061-4292-3B34-C93B-1CF43C500F6D}.Debug|Any CPU.Build.0 = Debug|Any CPU
		{BA489061-4292-3B34-C93B-1CF43C500F6D}.Release|Any CPU.ActiveCfg = Release|Any CPU
		{BA489061-4292-3B34-C93B-1CF43C500F6D}.Release|Any CPU.Build.0 = Release|Any CPU
	EndGlobalSection
	GlobalSection(SolutionProperties) = preSolution
		HideSolutionNode = FALSE
	EndGlobalSection
	GlobalSection(MonoDevelopProperties) = preSolution
		StartupItem = Assembly-CSharp.csproj
	EndGlobalSection
EndGlobal
