Microsoft Visual Studio Solution File, Format Version 11.00
# Visual Studio 2008

Project("{91A9C9B0-9CF9-8124-5939-52E15BC46CDB}") = "DareToSlip3DGame", "Assembly-CSharp-firstpass.csproj", "{4BFFC556-AEEC-FA91-3717-513985825EF9}"
EndProject
Project("{91A9C9B0-9CF9-8124-5939-52E15BC46CDB}") = "DareToSlip3DGame", "Assembly-CSharp.csproj", "{BA489061-4292-3B34-C93B-1CF43C500F6D}"
EndProject
Project("{91A9C9B0-9CF9-8124-5939-52E15BC46CDB}") = "DareToSlip3DGame", "Assembly-CSharp-Editor.csproj", "{1C1531C1-FB0E-8E4F-046A-41E02ED7BDAC}"
EndProject
Global
	GlobalSection(SolutionConfigurationPlatforms) = preSolution
		Debug|Any CPU = Debug|Any CPU
		Release|Any CPU = Release|Any CPU
	EndGlobalSection
	GlobalSection(ProjectConfigurationPlatforms) = postSolution
		{4BFFC556-AEEC-FA91-3717-513985825EF9}.Debug|Any CPU.ActiveCfg = Debug|Any CPU
		{4BFFC556-AEEC-FA91-3717-513985825EF9}.Debug|Any CPU.Build.0 = Debug|Any CPU
		{4BFFC556-AEEC-FA91-3717-513985825EF9}.Release|Any CPU.ActiveCfg = Release|Any CPU
		{4BFFC556-AEEC-FA91-3717-513985825EF9}.Release|Any CPU.Build.0 = Release|Any CPU
		{BA489061-4292-3B34-C93B-1CF43C500F6D}.Debug|Any CPU.ActiveCfg = Debug|Any CPU
		{BA489061-4292-3B34-C93B-1CF43C500F6D}.Debug|Any CPU.Build.0 = Debug|Any CPU
		{BA489061-4292-3B34-C93B-1CF43C500F6D}.Release|Any CPU.ActiveCfg = Release|Any CPU
		{BA489061-4292-3B34-C93B-1CF43C500F6D}.Release|Any CPU.Build.0 = Release|Any CPU
		{1C1531C1-FB0E-8E4F-046A-41E02ED7BDAC}.Debug|Any CPU.ActiveCfg = Debug|Any CPU
		{1C1531C1-FB0E-8E4F-046A-41E02ED7BDAC}.Debug|Any CPU.Build.0 = Debug|Any CPU
		{1C1531C1-FB0E-8E4F-046A-41E02ED7BDAC}.Release|Any CPU.ActiveCfg = Release|Any CPU
		{1C1531C1-FB0E-8E4F-046A-41E02ED7BDAC}.Release|Any CPU.Build.0 = Release|Any CPU
	EndGlobalSection
	GlobalSection(SolutionProperties) = preSolution
		HideSolutionNode = FALSE
	EndGlobalSection
	GlobalSection(MonoDevelopProperties) = preSolution
		StartupItem = Assembly-CSharp.csproj
	EndGlobalSection
EndGlobal
